
Microsoft Visual Studio Solution File, Format Version 12.00
# Visual Studio 2013
VisualStudioVersion = 12.0.31101.0
MinimumVisualStudioVersion = 10.0.40219.1
Project("{FAE04EC0-301F-11D3-BF4B-00C04F79EFBC}") = "JigSawPuzzle", "JigSawPuzzle\JigSawPuzzle.csproj", "{F2AAAEFD-4AB0-4670-AB63-F8EC24F5BD5B}"
EndProject
Project("{FAE04EC0-301F-11D3-BF4B-00C04F79EFBC}") = "JigSawPuzzleTest", "JigSawPuzzleTest\JigSawPuzzleTest.csproj", "{BBBB5DD3-1F18-472F-975E-518C66BE5555}"
EndProject
Global
	GlobalSection(SolutionConfigurationPlatforms) = preSolution
		Debug|Any CPU = Debug|Any CPU
		Release|Any CPU = Release|Any CPU
	EndGlobalSection
	GlobalSection(ProjectConfigurationPlatforms) = postSolution
		{F2AAAEFD-4AB0-4670-AB63-F8EC24F5BD5B}.Debug|Any CPU.ActiveCfg = Debug|Any CPU
		{F2AAAEFD-4AB0-4670-AB63-F8EC24F5BD5B}.Debug|Any CPU.Build.0 = Debug|Any CPU
		{F2AAAEFD-4AB0-4670-AB63-F8EC24F5BD5B}.Release|Any CPU.ActiveCfg = Release|Any CPU
		{F2AAAEFD-4AB0-4670-AB63-F8EC24F5BD5B}.Release|Any CPU.Build.0 = Release|Any CPU
		{BBBB5DD3-1F18-472F-975E-518C66BE5555}.Debug|Any CPU.ActiveCfg = Debug|Any CPU
		{BBBB5DD3-1F18-472F-975E-518C66BE5555}.Debug|Any CPU.Build.0 = Debug|Any CPU
		{BBBB5DD3-1F18-472F-975E-518C66BE5555}.Release|Any CPU.ActiveCfg = Release|Any CPU
		{BBBB5DD3-1F18-472F-975E-518C66BE5555}.Release|Any CPU.Build.0 = Release|Any CPU
	EndGlobalSection
	GlobalSection(SolutionProperties) = preSolution
		HideSolutionNode = FALSE
	EndGlobalSection
EndGlobal
